
Microsoft Visual Studio Solution File, Format Version 12.00
# Visual Studio Version 16
VisualStudioVersion = 16.0.31911.196
MinimumVisualStudioVersion = 10.0.40219.1
Project("{2150E333-8FDC-42A3-9474-1A3956D46DE8}") = "Domain", "Domain", "{136042AA-8E9E-422A-A57E-9DD3631002CB}"
EndProject
Project("{9A19103F-16F7-4668-BE54-9A1E7A4F7556}") = "Api_Domain", "API_Domain\Api_Domain.csproj", "{F074089A-24A1-4BCB-A99F-C0E967439C94}"
EndProject
Project("{2150E333-8FDC-42A3-9474-1A3956D46DE8}") = "CrossCutting", "CrossCutting", "{96852C95-946F-4732-9B11-7BD5533DE2C2}"
EndProject
Project("{9A19103F-16F7-4668-BE54-9A1E7A4F7556}") = "Api_CrossCutting", "Api_CrossCutting\Api_CrossCutting.csproj", "{AE325833-362D-417A-9C9D-B48A2DF13DBA}"
EndProject
Project("{2150E333-8FDC-42A3-9474-1A3956D46DE8}") = "Data", "Data", "{BE2D392E-21FE-4AD1-855E-6B09BF75CA4A}"
EndProject
Project("{9A19103F-16F7-4668-BE54-9A1E7A4F7556}") = "Api_Data", "API_Data\Api_Data.csproj", "{02684ED3-B1AD-4001-928E-4A29F5013025}"
EndProject
Project("{2150E333-8FDC-42A3-9474-1A3956D46DE8}") = "Service", "Service", "{953130CA-405F-4113-BA65-0D5D5102E02F}"
EndProject
Project("{9A19103F-16F7-4668-BE54-9A1E7A4F7556}") = "Api_Service", "API_Service\Api_Service.csproj", "{BDBBD735-33B8-4B9B-8132-3D7FD098FC15}"
EndProject
Project("{2150E333-8FDC-42A3-9474-1A3956D46DE8}") = "Application", "Application", "{F9956032-531D-4CBA-A934-87D2117853F5}"
EndProject
Project("{9A19103F-16F7-4668-BE54-9A1E7A4F7556}") = "ApiApplication", "WebApplication1\ApiApplication.csproj", "{8808CF78-FF23-4A14-991E-501D74EF083C}"
	ProjectSection(ProjectDependencies) = postProject
		{AE325833-362D-417A-9C9D-B48A2DF13DBA} = {AE325833-362D-417A-9C9D-B48A2DF13DBA}
		{BDBBD735-33B8-4B9B-8132-3D7FD098FC15} = {BDBBD735-33B8-4B9B-8132-3D7FD098FC15}
		{F074089A-24A1-4BCB-A99F-C0E967439C94} = {F074089A-24A1-4BCB-A99F-C0E967439C94}
		{02684ED3-B1AD-4001-928E-4A29F5013025} = {02684ED3-B1AD-4001-928E-4A29F5013025}
	EndProjectSection
EndProject
Project("{9A19103F-16F7-4668-BE54-9A1E7A4F7556}") = "Api.Data.Test", "Api.Data.Test\Api.Data.Test.csproj", "{E3C20ACC-0CA2-4BA8-A8F7-81FEFF9EE2EE}"
EndProject
Project("{2150E333-8FDC-42A3-9474-1A3956D46DE8}") = "Testar.Api.Data", "Testar.Api.Data", "{CC3AA055-46CE-4A80-AA8A-8AF19DD9558D}"
EndProject
Project("{2150E333-8FDC-42A3-9474-1A3956D46DE8}") = "Testar.Api.Service", "Testar.Api.Service", "{34BDCB65-83D0-42C2-AD56-68D5AF1E3D8B}"
EndProject
Project("{9A19103F-16F7-4668-BE54-9A1E7A4F7556}") = "Api.Service.Test", "Api.Service.Test\Api.Service.Test.csproj", "{E8C15CE7-5673-434D-B5F1-DE269B0723D7}"
EndProject
Project("{2150E333-8FDC-42A3-9474-1A3956D46DE8}") = "Testar.Api.Apllication", "Testar.Api.Apllication", "{53B289AF-45C7-4C62-9FFE-9BE26C126767}"
EndProject
Project("{9A19103F-16F7-4668-BE54-9A1E7A4F7556}") = "Api.Application.Test", "Api.Application.Test\Api.Application.Test.csproj", "{00DF2163-191C-44FB-9150-E170226D2660}"
EndProject
Project("{2150E333-8FDC-42A3-9474-1A3956D46DE8}") = "Testar.Api.Integration", "Testar.Api.Integration", "{4FEF4A42-B644-48A2-8A22-D474743E0A5F}"
EndProject
Project("{FAE04EC0-301F-11D3-BF4B-00C04F79EFBC}") = "Api.Integration.Test", "Api.Integration.Test\Api.Integration.Test.csproj", "{7B473A35-F2FB-4B8F-9E4C-00E342BCACC2}"
EndProject
Global
	GlobalSection(SolutionConfigurationPlatforms) = preSolution
		Debug|Any CPU = Debug|Any CPU
		Release|Any CPU = Release|Any CPU
	EndGlobalSection
	GlobalSection(ProjectConfigurationPlatforms) = postSolution
		{F074089A-24A1-4BCB-A99F-C0E967439C94}.Debug|Any CPU.ActiveCfg = Debug|Any CPU
		{F074089A-24A1-4BCB-A99F-C0E967439C94}.Debug|Any CPU.Build.0 = Debug|Any CPU
		{F074089A-24A1-4BCB-A99F-C0E967439C94}.Release|Any CPU.ActiveCfg = Release|Any CPU
		{F074089A-24A1-4BCB-A99F-C0E967439C94}.Release|Any CPU.Build.0 = Release|Any CPU
		{AE325833-362D-417A-9C9D-B48A2DF13DBA}.Debug|Any CPU.ActiveCfg = Debug|Any CPU
		{AE325833-362D-417A-9C9D-B48A2DF13DBA}.Debug|Any CPU.Build.0 = Debug|Any CPU
		{AE325833-362D-417A-9C9D-B48A2DF13DBA}.Release|Any CPU.ActiveCfg = Release|Any CPU
		{AE325833-362D-417A-9C9D-B48A2DF13DBA}.Release|Any CPU.Build.0 = Release|Any CPU
		{02684ED3-B1AD-4001-928E-4A29F5013025}.Debug|Any CPU.ActiveCfg = Debug|Any CPU
		{02684ED3-B1AD-4001-928E-4A29F5013025}.Debug|Any CPU.Build.0 = Debug|Any CPU
		{02684ED3-B1AD-4001-928E-4A29F5013025}.Release|Any CPU.ActiveCfg = Release|Any CPU
		{02684ED3-B1AD-4001-928E-4A29F5013025}.Release|Any CPU.Build.0 = Release|Any CPU
		{BDBBD735-33B8-4B9B-8132-3D7FD098FC15}.Debug|Any CPU.ActiveCfg = Debug|Any CPU
		{BDBBD735-33B8-4B9B-8132-3D7FD098FC15}.Debug|Any CPU.Build.0 = Debug|Any CPU
		{BDBBD735-33B8-4B9B-8132-3D7FD098FC15}.Release|Any CPU.ActiveCfg = Release|Any CPU
		{BDBBD735-33B8-4B9B-8132-3D7FD098FC15}.Release|Any CPU.Build.0 = Release|Any CPU
		{8808CF78-FF23-4A14-991E-501D74EF083C}.Debug|Any CPU.ActiveCfg = Debug|Any CPU
		{8808CF78-FF23-4A14-991E-501D74EF083C}.Debug|Any CPU.Build.0 = Debug|Any CPU
		{8808CF78-FF23-4A14-991E-501D74EF083C}.Release|Any CPU.ActiveCfg = Release|Any CPU
		{8808CF78-FF23-4A14-991E-501D74EF083C}.Release|Any CPU.Build.0 = Release|Any CPU
		{E3C20ACC-0CA2-4BA8-A8F7-81FEFF9EE2EE}.Debug|Any CPU.ActiveCfg = Debug|Any CPU
		{E3C20ACC-0CA2-4BA8-A8F7-81FEFF9EE2EE}.Debug|Any CPU.Build.0 = Debug|Any CPU
		{E3C20ACC-0CA2-4BA8-A8F7-81FEFF9EE2EE}.Release|Any CPU.ActiveCfg = Release|Any CPU
		{E3C20ACC-0CA2-4BA8-A8F7-81FEFF9EE2EE}.Release|Any CPU.Build.0 = Release|Any CPU
		{E8C15CE7-5673-434D-B5F1-DE269B0723D7}.Debug|Any CPU.ActiveCfg = Debug|Any CPU
		{E8C15CE7-5673-434D-B5F1-DE269B0723D7}.Debug|Any CPU.Build.0 = Debug|Any CPU
		{E8C15CE7-5673-434D-B5F1-DE269B0723D7}.Release|Any CPU.ActiveCfg = Release|Any CPU
		{E8C15CE7-5673-434D-B5F1-DE269B0723D7}.Release|Any CPU.Build.0 = Release|Any CPU
		{00DF2163-191C-44FB-9150-E170226D2660}.Debug|Any CPU.ActiveCfg = Debug|Any CPU
		{00DF2163-191C-44FB-9150-E170226D2660}.Debug|Any CPU.Build.0 = Debug|Any CPU
		{00DF2163-191C-44FB-9150-E170226D2660}.Release|Any CPU.ActiveCfg = Release|Any CPU
		{00DF2163-191C-44FB-9150-E170226D2660}.Release|Any CPU.Build.0 = Release|Any CPU
		{7B473A35-F2FB-4B8F-9E4C-00E342BCACC2}.Debug|Any CPU.ActiveCfg = Debug|Any CPU
		{7B473A35-F2FB-4B8F-9E4C-00E342BCACC2}.Debug|Any CPU.Build.0 = Debug|Any CPU
		{7B473A35-F2FB-4B8F-9E4C-00E342BCACC2}.Release|Any CPU.ActiveCfg = Release|Any CPU
		{7B473A35-F2FB-4B8F-9E4C-00E342BCACC2}.Release|Any CPU.Build.0 = Release|Any CPU
	EndGlobalSection
	GlobalSection(SolutionProperties) = preSolution
		HideSolutionNode = FALSE
	EndGlobalSection
	GlobalSection(NestedProjects) = preSolution
		{F074089A-24A1-4BCB-A99F-C0E967439C94} = {136042AA-8E9E-422A-A57E-9DD3631002CB}
		{AE325833-362D-417A-9C9D-B48A2DF13DBA} = {96852C95-946F-4732-9B11-7BD5533DE2C2}
		{02684ED3-B1AD-4001-928E-4A29F5013025} = {BE2D392E-21FE-4AD1-855E-6B09BF75CA4A}
		{BDBBD735-33B8-4B9B-8132-3D7FD098FC15} = {953130CA-405F-4113-BA65-0D5D5102E02F}
		{8808CF78-FF23-4A14-991E-501D74EF083C} = {F9956032-531D-4CBA-A934-87D2117853F5}
		{E3C20ACC-0CA2-4BA8-A8F7-81FEFF9EE2EE} = {CC3AA055-46CE-4A80-AA8A-8AF19DD9558D}
		{E8C15CE7-5673-434D-B5F1-DE269B0723D7} = {34BDCB65-83D0-42C2-AD56-68D5AF1E3D8B}
		{00DF2163-191C-44FB-9150-E170226D2660} = {53B289AF-45C7-4C62-9FFE-9BE26C126767}
		{7B473A35-F2FB-4B8F-9E4C-00E342BCACC2} = {4FEF4A42-B644-48A2-8A22-D474743E0A5F}
	EndGlobalSection
	GlobalSection(ExtensibilityGlobals) = postSolution
		SolutionGuid = {FE7A6459-2006-4141-9553-E696E4B77823}
	EndGlobalSection
EndGlobal
